Microsoft Visual Studio Solution File, Format Version 11.00
# Visual Studio 2010
Project("{8BC9CEB8-8B4A-11D0-8D11-00A0C91BC942}") = "ServerCrashFix_v11", "ServerCrashFix_v11.vcxproj", "{601ABD68-61B2-4EF3-9628-0BCE11F55C0D}"
EndProject
Global
	GlobalSection(SolutionConfigurationPlatforms) = preSolution
		Debug|Win32 = Debug|Win32
		Release|Win32 = Release|Win32
	EndGlobalSection
	GlobalSection(ProjectConfigurationPlatforms) = postSolution
		{601ABD68-61B2-4EF3-9628-0BCE11F55C0D}.Debug|Win32.ActiveCfg = Debug|Win32
		{601ABD68-61B2-4EF3-9628-0BCE11F55C0D}.Debug|Win32.Build.0 = Debug|Win32
		{601ABD68-61B2-4EF3-9628-0BCE11F55C0D}.Release|Win32.ActiveCfg = Release|Win32
		{601ABD68-61B2-4EF3-9628-0BCE11F55C0D}.Release|Win32.Build.0 = Release|Win32
	EndGlobalSection
	GlobalSection(SolutionProperties) = preSolution
		HideSolutionNode = FALSE
	EndGlobalSection
EndGlobal
